
Microsoft Visual Studio Solution File, Format Version 12.00
# Visual Studio Version 17
VisualStudioVersion = 17.0.32112.339
MinimumVisualStudioVersion = 10.0.40219.1
Project("{FAE04EC0-301F-11D3-BF4B-00C04F79EFBC}") = "WindowsFormsApp2", "WindowsFormsApp2\WindowsFormsApp2.csproj", "{AF7B94AD-6675-4998-890A-1DA85715631D}"
EndProject
Project("{FAE04EC0-301F-11D3-BF4B-00C04F79EFBC}") = "Dominioo", "Dominioo\Dominioo.csproj", "{9E520B0F-0D65-4BB8-82AA-B2DB3951F345}"
EndProject
Project("{FAE04EC0-301F-11D3-BF4B-00C04F79EFBC}") = "Negocio", "Negocio\Negocio.csproj", "{0C562860-DF55-4A97-8B28-FF6F9A6F54AA}"
EndProject
Global
	GlobalSection(SolutionConfigurationPlatforms) = preSolution
		Debug|Any CPU = Debug|Any CPU
		Release|Any CPU = Release|Any CPU
	EndGlobalSection
	GlobalSection(ProjectConfigurationPlatforms) = postSolution
		{AF7B94AD-6675-4998-890A-1DA85715631D}.Debug|Any CPU.ActiveCfg = Debug|Any CPU
		{AF7B94AD-6675-4998-890A-1DA85715631D}.Debug|Any CPU.Build.0 = Debug|Any CPU
		{AF7B94AD-6675-4998-890A-1DA85715631D}.Release|Any CPU.ActiveCfg = Release|Any CPU
		{AF7B94AD-6675-4998-890A-1DA85715631D}.Release|Any CPU.Build.0 = Release|Any CPU
		{9E520B0F-0D65-4BB8-82AA-B2DB3951F345}.Debug|Any CPU.ActiveCfg = Debug|Any CPU
		{9E520B0F-0D65-4BB8-82AA-B2DB3951F345}.Debug|Any CPU.Build.0 = Debug|Any CPU
		{9E520B0F-0D65-4BB8-82AA-B2DB3951F345}.Release|Any CPU.ActiveCfg = Release|Any CPU
		{9E520B0F-0D65-4BB8-82AA-B2DB3951F345}.Release|Any CPU.Build.0 = Release|Any CPU
		{0C562860-DF55-4A97-8B28-FF6F9A6F54AA}.Debug|Any CPU.ActiveCfg = Debug|Any CPU
		{0C562860-DF55-4A97-8B28-FF6F9A6F54AA}.Debug|Any CPU.Build.0 = Debug|Any CPU
		{0C562860-DF55-4A97-8B28-FF6F9A6F54AA}.Release|Any CPU.ActiveCfg = Release|Any CPU
		{0C562860-DF55-4A97-8B28-FF6F9A6F54AA}.Release|Any CPU.Build.0 = Release|Any CPU
	EndGlobalSection
	GlobalSection(SolutionProperties) = preSolution
		HideSolutionNode = FALSE
	EndGlobalSection
	GlobalSection(ExtensibilityGlobals) = postSolution
		SolutionGuid = {6234DC65-8682-49FE-BB8F-E39DE4DDD8D4}
	EndGlobalSection
EndGlobal
